// !$*UTF8*$!
{
	archiveVersion = 1;
	classes = {
	};
	objectVersion = 50;
	objects = {

/* Begin PBXBuildFile section */
		874D2C14269597180087E87C /* LiteracyViewController.swift in Sources */ = {isa = PBXBuildFile; fileRef = 874D2C13269597180087E87C /* LiteracyViewController.swift */; };
		87663D8126A57CE300DF111B /* UserProfileViewController.swift in Sources */ = {isa = PBXBuildFile; fileRef = 87663D8026A57CE300DF111B /* UserProfileViewController.swift */; };
		878D0F8726A1F3E200EC4EA3 /* MoodViewController.swift in Sources */ = {isa = PBXBuildFile; fileRef = 878D0F8626A1F3E200EC4EA3 /* MoodViewController.swift */; };
		878D30722695B29A00DADD4B /* TeacherLoginViewController.swift in Sources */ = {isa = PBXBuildFile; fileRef = 878D30712695B29A00DADD4B /* TeacherLoginViewController.swift */; };
		879330AE269247220029992F /* PupilLoginViewController.swift in Sources */ = {isa = PBXBuildFile; fileRef = 879330AD269247220029992F /* PupilLoginViewController.swift */; };
		87A977292690C4A300FDA013 /* AppDelegate.swift in Sources */ = {isa = PBXBuildFile; fileRef = 87A977282690C4A300FDA013 /* AppDelegate.swift */; };
		87A9772B2690C4A300FDA013 /* SceneDelegate.swift in Sources */ = {isa = PBXBuildFile; fileRef = 87A9772A2690C4A300FDA013 /* SceneDelegate.swift */; };
		87A9772D2690C4A300FDA013 /* ViewController.swift in Sources */ = {isa = PBXBuildFile; fileRef = 87A9772C2690C4A300FDA013 /* ViewController.swift */; };
		87A977302690C4A300FDA013 /* Main.storyboard in Resources */ = {isa = PBXBuildFile; fileRef = 87A9772E2690C4A300FDA013 /* Main.storyboard */; };
		87A977322690C4AF00FDA013 /* Assets.xcassets in Resources */ = {isa = PBXBuildFile; fileRef = 87A977312690C4AF00FDA013 /* Assets.xcassets */; };
		87A977352690C4AF00FDA013 /* LaunchScreen.storyboard in Resources */ = {isa = PBXBuildFile; fileRef = 87A977332690C4AF00FDA013 /* LaunchScreen.storyboard */; };
		87A977402690C4AF00FDA013 /* What_NextTests.swift in Sources */ = {isa = PBXBuildFile; fileRef = 87A9773F2690C4AF00FDA013 /* What_NextTests.swift */; };
		87A9775D2691C35D00FDA013 /* libsqlite3.tbd in Frameworks */ = {isa = PBXBuildFile; fileRef = 87A9775C2691C35D00FDA013 /* libsqlite3.tbd */; };
		87B42B2A26A055530021C852 /* MoodPopupViewController.swift in Sources */ = {isa = PBXBuildFile; fileRef = 87B42B2926A055530021C852 /* MoodPopupViewController.swift */; };
		87BE14AB26971557006FC0C2 /* MainPageViewController.swift in Sources */ = {isa = PBXBuildFile; fileRef = 87BE14AA26971557006FC0C2 /* MainPageViewController.swift */; };
		8E064D2626C7C3820083BD46 /* test_NotificationPopupViewController.swift in Sources */ = {isa = PBXBuildFile; fileRef = 8E064D2526C7C3820083BD46 /* test_NotificationPopupViewController.swift */; };
		8E064D6626C8448C0083BD46 /* What_NextUITests_ViewController.swift in Sources */ = {isa = PBXBuildFile; fileRef = 8E064D6526C8448C0083BD46 /* What_NextUITests_ViewController.swift */; };
		8E064D6826C856540083BD46 /* What_NextUITests_PupilLoginViewController.swift in Sources */ = {isa = PBXBuildFile; fileRef = 8E064D6726C856540083BD46 /* What_NextUITests_PupilLoginViewController.swift */; };
		8E14511B26A9A12300F3F249 /* WhatNextLaunchScreen.storyboard in Resources */ = {isa = PBXBuildFile; fileRef = 8E14511A26A9A12300F3F249 /* WhatNextLaunchScreen.storyboard */; };
		8E17E6BE26B1785F00A9CBEE /* TeacherSettingsViewController.swift in Sources */ = {isa = PBXBuildFile; fileRef = 8E17E6BD26B1785F00A9CBEE /* TeacherSettingsViewController.swift */; };
		8E46591426B80A9000EAA2AA /* ActivityReflectionPopupViewController.swift in Sources */ = {isa = PBXBuildFile; fileRef = 8E46591326B80A9000EAA2AA /* ActivityReflectionPopupViewController.swift */; };
		8E47EEFB26CD3E6E00AAA87F /* What_NextUITests_LiteracyViewController.swift in Sources */ = {isa = PBXBuildFile; fileRef = 8E47EEFA26CD3E6E00AAA87F /* What_NextUITests_LiteracyViewController.swift */; };
		8E47EEFD26CD610500AAA87F /* What_NextUITests_MondayLessonViewController.swift in Sources */ = {isa = PBXBuildFile; fileRef = 8E47EEFC26CD610400AAA87F /* What_NextUITests_MondayLessonViewController.swift */; };
		8E47EEFF26CD636B00AAA87F /* What_NextUITests_TuesdayLessonViewController.swift in Sources */ = {isa = PBXBuildFile; fileRef = 8E47EEFE26CD636B00AAA87F /* What_NextUITests_TuesdayLessonViewController.swift */; };
		8E47EF0126CD638E00AAA87F /* What_NextUITests_WednesdayLessonViewController.swift in Sources */ = {isa = PBXBuildFile; fileRef = 8E47EF0026CD638E00AAA87F /* What_NextUITests_WednesdayLessonViewController.swift */; };
		8E47EF0326CD63A800AAA87F /* What_NextUITests_ThursdayLessonViewController.swift in Sources */ = {isa = PBXBuildFile; fileRef = 8E47EF0226CD63A800AAA87F /* What_NextUITests_ThursdayLessonViewController.swift */; };
		8E47EF0526CD63C000AAA87F /* What_NextUITests_FridayLessonViewController.swift in Sources */ = {isa = PBXBuildFile; fileRef = 8E47EF0426CD63C000AAA87F /* What_NextUITests_FridayLessonViewController.swift */; };
		8E47EF0726CDA44900AAA87F /* What_NextUITests_AcitivitySelectionViewController.swift in Sources */ = {isa = PBXBuildFile; fileRef = 8E47EF0626CDA44900AAA87F /* What_NextUITests_AcitivitySelectionViewController.swift */; };
		8E634D1626CC316C002E7569 /* What_NextUITests_MoodPopupViewController.swift in Sources */ = {isa = PBXBuildFile; fileRef = 8E634D1526CC316C002E7569 /* What_NextUITests_MoodPopupViewController.swift */; };
		8E634D1826CC47E2002E7569 /* What_NextUITests_UnreadNotificationsPopupViewController.swift in Sources */ = {isa = PBXBuildFile; fileRef = 8E634D1726CC47E2002E7569 /* What_NextUITests_UnreadNotificationsPopupViewController.swift */; };
		8E8EF8F026AC774000B46EB3 /* TeacherViewController.swift in Sources */ = {isa = PBXBuildFile; fileRef = 8E8EF8EF26AC774000B46EB3 /* TeacherViewController.swift */; };
		8E8EF8F426ACB3F600B46EB3 /* TeacherNotificationViewController.swift in Sources */ = {isa = PBXBuildFile; fileRef = 8E8EF8F326ACB3F600B46EB3 /* TeacherNotificationViewController.swift */; };
		8EC47A2126C14A4600F3C232 /* PupilPostingsPopupViewController.swift in Sources */ = {isa = PBXBuildFile; fileRef = 8EC47A2026C14A4600F3C232 /* PupilPostingsPopupViewController.swift */; };
		8EC47A6526C4166D00F3C232 /* test_TeacherSettingsViewController.swift in Sources */ = {isa = PBXBuildFile; fileRef = 8EC47A6426C4166D00F3C232 /* test_TeacherSettingsViewController.swift */; };
		8EC47A6726C426D300F3C232 /* test_PupilSettingsViewController.swift in Sources */ = {isa = PBXBuildFile; fileRef = 8EC47A6626C426D300F3C232 /* test_PupilSettingsViewController.swift */; };
		8EC47A6926C43B0300F3C232 /* test_TeacherLoginViewController.swift in Sources */ = {isa = PBXBuildFile; fileRef = 8EC47A6826C43B0300F3C232 /* test_TeacherLoginViewController.swift */; };
		8EC47A6B26C532F700F3C232 /* test_TeacherViewController.swift in Sources */ = {isa = PBXBuildFile; fileRef = 8EC47A6A26C532F700F3C232 /* test_TeacherViewController.swift */; };
		8EC47A7126C5723D00F3C232 /* test_TeacherNotificationViewController.swift in Sources */ = {isa = PBXBuildFile; fileRef = 8EC47A7026C5723D00F3C232 /* test_TeacherNotificationViewController.swift */; };
		8ECA651526AF165600D10F89 /* NotificatonPopupViewController.swift in Sources */ = {isa = PBXBuildFile; fileRef = 8ECA651426AF165600D10F89 /* NotificatonPopupViewController.swift */; };
		8ED4126C26AB60E6007EF869 /* PupilSettingsViewController.swift in Sources */ = {isa = PBXBuildFile; fileRef = 8ED4126B26AB60E6007EF869 /* PupilSettingsViewController.swift */; };
		8EF3EBAA26B68FB5007FD14A /* ActivitySelectionViewController.swift in Sources */ = {isa = PBXBuildFile; fileRef = 8EF3EB9526B68FB4007FD14A /* ActivitySelectionViewController.swift */; };
		8EF3EBAB26B68FB5007FD14A /* BackwordsWordsActivityViewController.swift in Sources */ = {isa = PBXBuildFile; fileRef = 8EF3EB9626B68FB4007FD14A /* BackwordsWordsActivityViewController.swift */; };
		8EF3EBAC26B68FB5007FD14A /* ColouredVowelsActivityViewController.swift in Sources */ = {isa = PBXBuildFile; fileRef = 8EF3EB9726B68FB4007FD14A /* ColouredVowelsActivityViewController.swift */; };
		8EF3EBAD26B68FB5007FD14A /* MondayLessonViewController.swift in Sources */ = {isa = PBXBuildFile; fileRef = 8EF3EB9826B68FB4007FD14A /* MondayLessonViewController.swift */; };
		8EF3EBAE26B68FB5007FD14A /* FridayLessonViewController.swift in Sources */ = {isa = PBXBuildFile; fileRef = 8EF3EB9926B68FB4007FD14A /* FridayLessonViewController.swift */; };
		8EF3EBAF26B68FB5007FD14A /* RainbowWritingActivityViewController.swift in Sources */ = {isa = PBXBuildFile; fileRef = 8EF3EB9A26B68FB4007FD14A /* RainbowWritingActivityViewController.swift */; };
		8EF3EBB026B68FB5007FD14A /* ThursdayExplainationViewController.swift in Sources */ = {isa = PBXBuildFile; fileRef = 8EF3EB9B26B68FB4007FD14A /* ThursdayExplainationViewController.swift */; };
		8EF3EBB126B68FB5007FD14A /* WednesdayLessonViewController.swift in Sources */ = {isa = PBXBuildFile; fileRef = 8EF3EB9C26B68FB4007FD14A /* WednesdayLessonViewController.swift */; };
		8EF3EBB226B68FB5007FD14A /* SpellingWordsViewController.swift in Sources */ = {isa = PBXBuildFile; fileRef = 8EF3EB9D26B68FB4007FD14A /* SpellingWordsViewController.swift */; };
		8EF3EBB326B68FB5007FD14A /* FridayExplainationViewController.swift in Sources */ = {isa = PBXBuildFile; fileRef = 8EF3EB9E26B68FB4007FD14A /* FridayExplainationViewController.swift */; };
		8EF3EBB426B68FB5007FD14A /* MondayExplainationViewController.swift in Sources */ = {isa = PBXBuildFile; fileRef = 8EF3EB9F26B68FB5007FD14A /* MondayExplainationViewController.swift */; };
		8EF3EBB526B68FB5007FD14A /* TuesdayExplainationViewController.swift in Sources */ = {isa = PBXBuildFile; fileRef = 8EF3EBA026B68FB5007FD14A /* TuesdayExplainationViewController.swift */; };
		8EF3EBB626B68FB5007FD14A /* WednesdayExplainationViewController.swift in Sources */ = {isa = PBXBuildFile; fileRef = 8EF3EBA126B68FB5007FD14A /* WednesdayExplainationViewController.swift */; };
		8EF3EBB726B68FB5007FD14A /* JoinTheDotsActivityViewController.swift in Sources */ = {isa = PBXBuildFile; fileRef = 8EF3EBA226B68FB5007FD14A /* JoinTheDotsActivityViewController.swift */; };
		8EF3EBB826B68FB5007FD14A /* TuesdayLessonViewController.swift in Sources */ = {isa = PBXBuildFile; fileRef = 8EF3EBA326B68FB5007FD14A /* TuesdayLessonViewController.swift */; };
		8EF3EBB926B68FB5007FD14A /* SentenceCreatorActivityViewController.swift in Sources */ = {isa = PBXBuildFile; fileRef = 8EF3EBA426B68FB5007FD14A /* SentenceCreatorActivityViewController.swift */; };
		8EF3EBBA26B68FB5007FD14A /* CanvasView.swift in Sources */ = {isa = PBXBuildFile; fileRef = 8EF3EBA526B68FB5007FD14A /* CanvasView.swift */; };
		8EF3EBBB26B68FB5007FD14A /* ABCActivityViewController.swift in Sources */ = {isa = PBXBuildFile; fileRef = 8EF3EBA626B68FB5007FD14A /* ABCActivityViewController.swift */; };
		8EF3EBBC26B68FB5007FD14A /* MondayTestViewController.swift in Sources */ = {isa = PBXBuildFile; fileRef = 8EF3EBA726B68FB5007FD14A /* MondayTestViewController.swift */; };
		8EF3EBBD26B68FB5007FD14A /* SpeedWritingActivityViewController.swift in Sources */ = {isa = PBXBuildFile; fileRef = 8EF3EBA826B68FB5007FD14A /* SpeedWritingActivityViewController.swift */; };
		8EF3EBBE26B68FB5007FD14A /* ThursdayLessonViewController.swift in Sources */ = {isa = PBXBuildFile; fileRef = 8EF3EBA926B68FB5007FD14A /* ThursdayLessonViewController.swift */; };
		E45574EE26B6CFF60028E53F /* FMDatabaseAdditions.m in Sources */ = {isa = PBXBuildFile; fileRef = E45574E426B6CFF30028E53F /* FMDatabaseAdditions.m */; };
		E45574EF26B6CFF60028E53F /* FMDatabasePool.m in Sources */ = {isa = PBXBuildFile; fileRef = E45574E526B6CFF30028E53F /* FMDatabasePool.m */; };
		E45574F026B6CFF60028E53F /* FMResultSet.m in Sources */ = {isa = PBXBuildFile; fileRef = E45574E826B6CFF40028E53F /* FMResultSet.m */; };
		E45574F126B6CFF60028E53F /* FMDatabaseQueue.m in Sources */ = {isa = PBXBuildFile; fileRef = E45574EA26B6CFF50028E53F /* FMDatabaseQueue.m */; };
		E45574F226B6CFF60028E53F /* FMDatabase.m in Sources */ = {isa = PBXBuildFile; fileRef = E45574EC26B6CFF50028E53F /* FMDatabase.m */; };
		E45574F426B74AB50028E53F /* TuesdayTestViewController.swift in Sources */ = {isa = PBXBuildFile; fileRef = E45574F326B74AB40028E53F /* TuesdayTestViewController.swift */; };
		E45574F626B74B0C0028E53F /* WednesdayTestViewController.swift in Sources */ = {isa = PBXBuildFile; fileRef = E45574F526B74B0C0028E53F /* WednesdayTestViewController.swift */; };
		E45574F826B74B280028E53F /* ThursdayTestViewController.swift in Sources */ = {isa = PBXBuildFile; fileRef = E45574F726B74B280028E53F /* ThursdayTestViewController.swift */; };
		E45574FA26B74B420028E53F /* FridayTestViewController.swift in Sources */ = {isa = PBXBuildFile; fileRef = E45574F926B74B420028E53F /* FridayTestViewController.swift */; };
/* End PBXBuildFile section */

/* Begin PBXContainerItemProxy section */
		87A9773C2690C4AF00FDA013 /* PBXContainerItemProxy */ = {
			isa = PBXContainerItemProxy;
			containerPortal = 87A9771D2690C4A200FDA013 /* Project object */;
			proxyType = 1;
			remoteGlobalIDString = 87A977242690C4A300FDA013;
			remoteInfo = "What Next";
		};
		87A977472690C4AF00FDA013 /* PBXContainerItemProxy */ = {
			isa = PBXContainerItemProxy;
			containerPortal = 87A9771D2690C4A200FDA013 /* Project object */;
			proxyType = 1;
			remoteGlobalIDString = 87A977242690C4A300FDA013;
			remoteInfo = "What Next";
		};
/* End PBXContainerItemProxy section */

/* Begin PBXFileReference section */
		874D2C13269597180087E87C /* LiteracyViewController.swift */ = {isa = PBXFileReference; lastKnownFileType = sourcecode.swift; path = LiteracyViewController.swift; sourceTree = "<group>"; };
		87663D8026A57CE300DF111B /* UserProfileViewController.swift */ = {isa = PBXFileReference; lastKnownFileType = sourcecode.swift; path = UserProfileViewController.swift; sourceTree = "<group>"; };
		878D0F8626A1F3E200EC4EA3 /* MoodViewController.swift */ = {isa = PBXFileReference; lastKnownFileType = sourcecode.swift; path = MoodViewController.swift; sourceTree = "<group>"; };
		878D30712695B29A00DADD4B /* TeacherLoginViewController.swift */ = {isa = PBXFileReference; lastKnownFileType = sourcecode.swift; path = TeacherLoginViewController.swift; sourceTree = "<group>"; };
		879330AD269247220029992F /* PupilLoginViewController.swift */ = {isa = PBXFileReference; lastKnownFileType = sourcecode.swift; path = PupilLoginViewController.swift; sourceTree = "<group>"; };
		87A977252690C4A300FDA013 /* What Next.app */ = {isa = PBXFileReference; explicitFileType = wrapper.application; includeInIndex = 0; path = "What Next.app"; sourceTree = BUILT_PRODUCTS_DIR; };
		87A977282690C4A300FDA013 /* AppDelegate.swift */ = {isa = PBXFileReference; lastKnownFileType = sourcecode.swift; path = AppDelegate.swift; sourceTree = "<group>"; };
		87A9772A2690C4A300FDA013 /* SceneDelegate.swift */ = {isa = PBXFileReference; lastKnownFileType = sourcecode.swift; path = SceneDelegate.swift; sourceTree = "<group>"; };
		87A9772C2690C4A300FDA013 /* ViewController.swift */ = {isa = PBXFileReference; lastKnownFileType = sourcecode.swift; path = ViewController.swift; sourceTree = "<group>"; };
		87A9772F2690C4A300FDA013 /* Base */ = {isa = PBXFileReference; lastKnownFileType = file.storyboard; name = Base; path = Base.lproj/Main.storyboard; sourceTree = "<group>"; };
		87A977312690C4AF00FDA013 /* Assets.xcassets */ = {isa = PBXFileReference; lastKnownFileType = folder.assetcatalog; path = Assets.xcassets; sourceTree = "<group>"; };
		87A977342690C4AF00FDA013 /* Base */ = {isa = PBXFileReference; lastKnownFileType = file.storyboard; name = Base; path = Base.lproj/LaunchScreen.storyboard; sourceTree = "<group>"; };
		87A977362690C4AF00FDA013 /* Info.plist */ = {isa = PBXFileReference; lastKnownFileType = text.plist.xml; path = Info.plist; sourceTree = "<group>"; };
		87A9773B2690C4AF00FDA013 /* What NextTests.xctest */ = {isa = PBXFileReference; explicitFileType = wrapper.cfbundle; includeInIndex = 0; path = "What NextTests.xctest"; sourceTree = BUILT_PRODUCTS_DIR; };
		87A9773F2690C4AF00FDA013 /* What_NextTests.swift */ = {isa = PBXFileReference; lastKnownFileType = sourcecode.swift; path = What_NextTests.swift; sourceTree = "<group>"; };
		87A977412690C4AF00FDA013 /* Info.plist */ = {isa = PBXFileReference; lastKnownFileType = text.plist.xml; path = Info.plist; sourceTree = "<group>"; };
		87A977462690C4AF00FDA013 /* What NextUITests.xctest */ = {isa = PBXFileReference; explicitFileType = wrapper.cfbundle; includeInIndex = 0; path = "What NextUITests.xctest"; sourceTree = BUILT_PRODUCTS_DIR; };
		87A9774C2690C4AF00FDA013 /* Info.plist */ = {isa = PBXFileReference; lastKnownFileType = text.plist.xml; path = Info.plist; sourceTree = "<group>"; };
		87A9775C2691C35D00FDA013 /* libsqlite3.tbd */ = {isa = PBXFileReference; lastKnownFileType = "sourcecode.text-based-dylib-definition"; name = libsqlite3.tbd; path = usr/lib/libsqlite3.tbd; sourceTree = SDKROOT; };
		87A977612691C81100FDA013 /* What Next-Bridging-Header.h */ = {isa = PBXFileReference; lastKnownFileType = sourcecode.c.h; path = "What Next-Bridging-Header.h"; sourceTree = "<group>"; };
		87B42B2926A055530021C852 /* MoodPopupViewController.swift */ = {isa = PBXFileReference; lastKnownFileType = sourcecode.swift; path = MoodPopupViewController.swift; sourceTree = "<group>"; };
		87BE14AA26971557006FC0C2 /* MainPageViewController.swift */ = {isa = PBXFileReference; lastKnownFileType = sourcecode.swift; path = MainPageViewController.swift; sourceTree = "<group>"; };
		8E064D2526C7C3820083BD46 /* test_NotificationPopupViewController.swift */ = {isa = PBXFileReference; fileEncoding = 4; lastKnownFileType = sourcecode.swift; path = test_NotificationPopupViewController.swift; sourceTree = "<group>"; };
		8E064D6526C8448C0083BD46 /* What_NextUITests_ViewController.swift */ = {isa = PBXFileReference; fileEncoding = 4; lastKnownFileType = sourcecode.swift; path = What_NextUITests_ViewController.swift; sourceTree = "<group>"; };
		8E064D6726C856540083BD46 /* What_NextUITests_PupilLoginViewController.swift */ = {isa = PBXFileReference; fileEncoding = 4; lastKnownFileType = sourcecode.swift; path = What_NextUITests_PupilLoginViewController.swift; sourceTree = "<group>"; };
		8E14511A26A9A12300F3F249 /* WhatNextLaunchScreen.storyboard */ = {isa = PBXFileReference; lastKnownFileType = file.storyboard; path = WhatNextLaunchScreen.storyboard; sourceTree = "<group>"; };
		8E17E6BD26B1785F00A9CBEE /* TeacherSettingsViewController.swift */ = {isa = PBXFileReference; fileEncoding = 4; lastKnownFileType = sourcecode.swift; path = TeacherSettingsViewController.swift; sourceTree = "<group>"; };
		8E46591326B80A9000EAA2AA /* ActivityReflectionPopupViewController.swift */ = {isa = PBXFileReference; fileEncoding = 4; lastKnownFileType = sourcecode.swift; path = ActivityReflectionPopupViewController.swift; sourceTree = "<group>"; };
		8E47EEFA26CD3E6E00AAA87F /* What_NextUITests_LiteracyViewController.swift */ = {isa = PBXFileReference; fileEncoding = 4; lastKnownFileType = sourcecode.swift; path = What_NextUITests_LiteracyViewController.swift; sourceTree = "<group>"; };
		8E47EEFC26CD610400AAA87F /* What_NextUITests_MondayLessonViewController.swift */ = {isa = PBXFileReference; fileEncoding = 4; lastKnownFileType = sourcecode.swift; path = What_NextUITests_MondayLessonViewController.swift; sourceTree = "<group>"; };
		8E47EEFE26CD636B00AAA87F /* What_NextUITests_TuesdayLessonViewController.swift */ = {isa = PBXFileReference; fileEncoding = 4; lastKnownFileType = sourcecode.swift; path = What_NextUITests_TuesdayLessonViewController.swift; sourceTree = "<group>"; };
		8E47EF0026CD638E00AAA87F /* What_NextUITests_WednesdayLessonViewController.swift */ = {isa = PBXFileReference; fileEncoding = 4; lastKnownFileType = sourcecode.swift; path = What_NextUITests_WednesdayLessonViewController.swift; sourceTree = "<group>"; };
		8E47EF0226CD63A800AAA87F /* What_NextUITests_ThursdayLessonViewController.swift */ = {isa = PBXFileReference; fileEncoding = 4; lastKnownFileType = sourcecode.swift; path = What_NextUITests_ThursdayLessonViewController.swift; sourceTree = "<group>"; };
		8E47EF0426CD63C000AAA87F /* What_NextUITests_FridayLessonViewController.swift */ = {isa = PBXFileReference; fileEncoding = 4; lastKnownFileType = sourcecode.swift; path = What_NextUITests_FridayLessonViewController.swift; sourceTree = "<group>"; };
		8E47EF0626CDA44900AAA87F /* What_NextUITests_AcitivitySelectionViewController.swift */ = {isa = PBXFileReference; fileEncoding = 4; lastKnownFileType = sourcecode.swift; path = What_NextUITests_AcitivitySelectionViewController.swift; sourceTree = "<group>"; };
		8E634D1526CC316C002E7569 /* What_NextUITests_MoodPopupViewController.swift */ = {isa = PBXFileReference; fileEncoding = 4; lastKnownFileType = sourcecode.swift; path = What_NextUITests_MoodPopupViewController.swift; sourceTree = "<group>"; };
		8E634D1726CC47E2002E7569 /* What_NextUITests_UnreadNotificationsPopupViewController.swift */ = {isa = PBXFileReference; fileEncoding = 4; lastKnownFileType = sourcecode.swift; path = What_NextUITests_UnreadNotificationsPopupViewController.swift; sourceTree = "<group>"; };
		8E8EF8EF26AC774000B46EB3 /* TeacherViewController.swift */ = {isa = PBXFileReference; lastKnownFileType = sourcecode.swift; path = TeacherViewController.swift; sourceTree = "<group>"; };
		8E8EF8F326ACB3F600B46EB3 /* TeacherNotificationViewController.swift */ = {isa = PBXFileReference; lastKnownFileType = sourcecode.swift; path = TeacherNotificationViewController.swift; sourceTree = "<group>"; };
		8EC47A2026C14A4600F3C232 /* PupilPostingsPopupViewController.swift */ = {isa = PBXFileReference; lastKnownFileType = sourcecode.swift; path = PupilPostingsPopupViewController.swift; sourceTree = "<group>"; };
		8EC47A6426C4166D00F3C232 /* test_TeacherSettingsViewController.swift */ = {isa = PBXFileReference; fileEncoding = 4; lastKnownFileType = sourcecode.swift; path = test_TeacherSettingsViewController.swift; sourceTree = "<group>"; };
		8EC47A6626C426D300F3C232 /* test_PupilSettingsViewController.swift */ = {isa = PBXFileReference; fileEncoding = 4; lastKnownFileType = sourcecode.swift; path = test_PupilSettingsViewController.swift; sourceTree = "<group>"; };
		8EC47A6826C43B0300F3C232 /* test_TeacherLoginViewController.swift */ = {isa = PBXFileReference; fileEncoding = 4; lastKnownFileType = sourcecode.swift; path = test_TeacherLoginViewController.swift; sourceTree = "<group>"; };
		8EC47A6A26C532F700F3C232 /* test_TeacherViewController.swift */ = {isa = PBXFileReference; fileEncoding = 4; lastKnownFileType = sourcecode.swift; path = test_TeacherViewController.swift; sourceTree = "<group>"; };
		8EC47A7026C5723D00F3C232 /* test_TeacherNotificationViewController.swift */ = {isa = PBXFileReference; fileEncoding = 4; lastKnownFileType = sourcecode.swift; path = test_TeacherNotificationViewController.swift; sourceTree = "<group>"; };
		8ECA651426AF165600D10F89 /* NotificatonPopupViewController.swift */ = {isa = PBXFileReference; lastKnownFileType = sourcecode.swift; path = NotificatonPopupViewController.swift; sourceTree = "<group>"; };
		8ED4126B26AB60E6007EF869 /* PupilSettingsViewController.swift */ = {isa = PBXFileReference; lastKnownFileType = sourcecode.swift; path = PupilSettingsViewController.swift; sourceTree = "<group>"; };
		8EF3EB9526B68FB4007FD14A /* ActivitySelectionViewController.swift */ = {isa = PBXFileReference; fileEncoding = 4; lastKnownFileType = sourcecode.swift; path = ActivitySelectionViewController.swift; sourceTree = "<group>"; };
		8EF3EB9626B68FB4007FD14A /* BackwordsWordsActivityViewController.swift */ = {isa = PBXFileReference; fileEncoding = 4; lastKnownFileType = sourcecode.swift; path = BackwordsWordsActivityViewController.swift; sourceTree = "<group>"; };
		8EF3EB9726B68FB4007FD14A /* ColouredVowelsActivityViewController.swift */ = {isa = PBXFileReference; fileEncoding = 4; lastKnownFileType = sourcecode.swift; path = ColouredVowelsActivityViewController.swift; sourceTree = "<group>"; };
		8EF3EB9826B68FB4007FD14A /* MondayLessonViewController.swift */ = {isa = PBXFileReference; fileEncoding = 4; lastKnownFileType = sourcecode.swift; path = MondayLessonViewController.swift; sourceTree = "<group>"; };
		8EF3EB9926B68FB4007FD14A /* FridayLessonViewController.swift */ = {isa = PBXFileReference; fileEncoding = 4; lastKnownFileType = sourcecode.swift; path = FridayLessonViewController.swift; sourceTree = "<group>"; };
		8EF3EB9A26B68FB4007FD14A /* RainbowWritingActivityViewController.swift */ = {isa = PBXFileReference; fileEncoding = 4; lastKnownFileType = sourcecode.swift; path = RainbowWritingActivityViewController.swift; sourceTree = "<group>"; };
		8EF3EB9B26B68FB4007FD14A /* ThursdayExplainationViewController.swift */ = {isa = PBXFileReference; fileEncoding = 4; lastKnownFileType = sourcecode.swift; path = ThursdayExplainationViewController.swift; sourceTree = "<group>"; };
		8EF3EB9C26B68FB4007FD14A /* WednesdayLessonViewController.swift */ = {isa = PBXFileReference; fileEncoding = 4; lastKnownFileType = sourcecode.swift; path = WednesdayLessonViewController.swift; sourceTree = "<group>"; };
		8EF3EB9D26B68FB4007FD14A /* SpellingWordsViewController.swift */ = {isa = PBXFileReference; fileEncoding = 4; lastKnownFileType = sourcecode.swift; path = SpellingWordsViewController.swift; sourceTree = "<group>"; };
		8EF3EB9E26B68FB4007FD14A /* FridayExplainationViewController.swift */ = {isa = PBXFileReference; fileEncoding = 4; lastKnownFileType = sourcecode.swift; path = FridayExplainationViewController.swift; sourceTree = "<group>"; };
		8EF3EB9F26B68FB5007FD14A /* MondayExplainationViewController.swift */ = {isa = PBXFileReference; fileEncoding = 4; lastKnownFileType = sourcecode.swift; path = MondayExplainationViewController.swift; sourceTree = "<group>"; };
		8EF3EBA026B68FB5007FD14A /* TuesdayExplainationViewController.swift */ = {isa = PBXFileReference; fileEncoding = 4; lastKnownFileType = sourcecode.swift; path = TuesdayExplainationViewController.swift; sourceTree = "<group>"; };
		8EF3EBA126B68FB5007FD14A /* WednesdayExplainationViewController.swift */ = {isa = PBXFileReference; fileEncoding = 4; lastKnownFileType = sourcecode.swift; path = WednesdayExplainationViewController.swift; sourceTree = "<group>"; };
		8EF3EBA226B68FB5007FD14A /* JoinTheDotsActivityViewController.swift */ = {isa = PBXFileReference; fileEncoding = 4; lastKnownFileType = sourcecode.swift; path = JoinTheDotsActivityViewController.swift; sourceTree = "<group>"; };
		8EF3EBA326B68FB5007FD14A /* TuesdayLessonViewController.swift */ = {isa = PBXFileReference; fileEncoding = 4; lastKnownFileType = sourcecode.swift; path = TuesdayLessonViewController.swift; sourceTree = "<group>"; };
		8EF3EBA426B68FB5007FD14A /* SentenceCreatorActivityViewController.swift */ = {isa = PBXFileReference; fileEncoding = 4; lastKnownFileType = sourcecode.swift; path = SentenceCreatorActivityViewController.swift; sourceTree = "<group>"; };
		8EF3EBA526B68FB5007FD14A /* CanvasView.swift */ = {isa = PBXFileReference; fileEncoding = 4; lastKnownFileType = sourcecode.swift; path = CanvasView.swift; sourceTree = "<group>"; };
		8EF3EBA626B68FB5007FD14A /* ABCActivityViewController.swift */ = {isa = PBXFileReference; fileEncoding = 4; lastKnownFileType = sourcecode.swift; path = ABCActivityViewController.swift; sourceTree = "<group>"; };
		8EF3EBA726B68FB5007FD14A /* MondayTestViewController.swift */ = {isa = PBXFileReference; fileEncoding = 4; lastKnownFileType = sourcecode.swift; path = MondayTestViewController.swift; sourceTree = "<group>"; };
		8EF3EBA826B68FB5007FD14A /* SpeedWritingActivityViewController.swift */ = {isa = PBXFileReference; fileEncoding = 4; lastKnownFileType = sourcecode.swift; path = SpeedWritingActivityViewController.swift; sourceTree = "<group>"; };
		8EF3EBA926B68FB5007FD14A /* ThursdayLessonViewController.swift */ = {isa = PBXFileReference; fileEncoding = 4; lastKnownFileType = sourcecode.swift; path = ThursdayLessonViewController.swift; sourceTree = "<group>"; };
		E45574E326B6CFF20028E53F /* FMResultSet.h */ = {isa = PBXFileReference; fileEncoding = 4; lastKnownFileType = sourcecode.c.h; path = FMResultSet.h; sourceTree = "<group>"; };
		E45574E426B6CFF30028E53F /* FMDatabaseAdditions.m */ = {isa = PBXFileReference; fileEncoding = 4; lastKnownFileType = sourcecode.c.objc; path = FMDatabaseAdditions.m; sourceTree = "<group>"; };
		E45574E526B6CFF30028E53F /* FMDatabasePool.m */ = {isa = PBXFileReference; fileEncoding = 4; lastKnownFileType = sourcecode.c.objc; path = FMDatabasePool.m; sourceTree = "<group>"; };
		E45574E626B6CFF30028E53F /* FMDatabaseQueue.h */ = {isa = PBXFileReference; fileEncoding = 4; lastKnownFileType = sourcecode.c.h; path = FMDatabaseQueue.h; sourceTree = "<group>"; };
		E45574E726B6CFF30028E53F /* FMDatabasePool.h */ = {isa = PBXFileReference; fileEncoding = 4; lastKnownFileType = sourcecode.c.h; path = FMDatabasePool.h; sourceTree = "<group>"; };
		E45574E826B6CFF40028E53F /* FMResultSet.m */ = {isa = PBXFileReference; fileEncoding = 4; lastKnownFileType = sourcecode.c.objc; path = FMResultSet.m; sourceTree = "<group>"; };
		E45574E926B6CFF50028E53F /* FMDB.h */ = {isa = PBXFileReference; fileEncoding = 4; lastKnownFileType = sourcecode.c.h; path = FMDB.h; sourceTree = "<group>"; };
		E45574EA26B6CFF50028E53F /* FMDatabaseQueue.m */ = {isa = PBXFileReference; fileEncoding = 4; lastKnownFileType = sourcecode.c.objc; path = FMDatabaseQueue.m; sourceTree = "<group>"; };
		E45574EB26B6CFF50028E53F /* FMDatabaseAdditions.h */ = {isa = PBXFileReference; fileEncoding = 4; lastKnownFileType = sourcecode.c.h; path = FMDatabaseAdditions.h; sourceTree = "<group>"; };
		E45574EC26B6CFF50028E53F /* FMDatabase.m */ = {isa = PBXFileReference; fileEncoding = 4; lastKnownFileType = sourcecode.c.objc; path = FMDatabase.m; sourceTree = "<group>"; };
		E45574ED26B6CFF60028E53F /* FMDatabase.h */ = {isa = PBXFileReference; fileEncoding = 4; lastKnownFileType = sourcecode.c.h; path = FMDatabase.h; sourceTree = "<group>"; };
		E45574F326B74AB40028E53F /* TuesdayTestViewController.swift */ = {isa = PBXFileReference; lastKnownFileType = sourcecode.swift; path = TuesdayTestViewController.swift; sourceTree = "<group>"; };
		E45574F526B74B0C0028E53F /* WednesdayTestViewController.swift */ = {isa = PBXFileReference; lastKnownFileType = sourcecode.swift; path = WednesdayTestViewController.swift; sourceTree = "<group>"; };
		E45574F726B74B280028E53F /* ThursdayTestViewController.swift */ = {isa = PBXFileReference; lastKnownFileType = sourcecode.swift; path = ThursdayTestViewController.swift; sourceTree = "<group>"; };
		E45574F926B74B420028E53F /* FridayTestViewController.swift */ = {isa = PBXFileReference; lastKnownFileType = sourcecode.swift; path = FridayTestViewController.swift; sourceTree = "<group>"; };
/* End PBXFileReference section */

/* Begin PBXFrameworksBuildPhase section */
		87A977222690C4A300FDA013 /* Frameworks */ = {
			isa = PBXFrameworksBuildPhase;
			buildActionMask = 2147483647;
			files = (
				87A9775D2691C35D00FDA013 /* libsqlite3.tbd in Frameworks */,
			);
			runOnlyForDeploymentPostprocessing = 0;
		};
		87A977382690C4AF00FDA013 /* Frameworks */ = {
			isa = PBXFrameworksBuildPhase;
			buildActionMask = 2147483647;
			files = (
			);
			runOnlyForDeploymentPostprocessing = 0;
		};
		87A977432690C4AF00FDA013 /* Frameworks */ = {
			isa = PBXFrameworksBuildPhase;
			buildActionMask = 2147483647;
			files = (
			);
			runOnlyForDeploymentPostprocessing = 0;
		};
/* End PBXFrameworksBuildPhase section */

/* Begin PBXGroup section */
		87A9771C2690C4A200FDA013 = {
			isa = PBXGroup;
			children = (
				87A977272690C4A300FDA013 /* What Next */,
				87A9773E2690C4AF00FDA013 /* What NextTests */,
				87A977492690C4AF00FDA013 /* What NextUITests */,
				87A977262690C4A300FDA013 /* Products */,
				87A9775B2691C35D00FDA013 /* Frameworks */,
			);
			sourceTree = "<group>";
		};
		87A977262690C4A300FDA013 /* Products */ = {
			isa = PBXGroup;
			children = (
				87A977252690C4A300FDA013 /* What Next.app */,
				87A9773B2690C4AF00FDA013 /* What NextTests.xctest */,
				87A977462690C4AF00FDA013 /* What NextUITests.xctest */,
			);
			name = Products;
			sourceTree = "<group>";
		};
		87A977272690C4A300FDA013 /* What Next */ = {
			isa = PBXGroup;
			children = (
				E45574ED26B6CFF60028E53F /* FMDatabase.h */,
				E45574EC26B6CFF50028E53F /* FMDatabase.m */,
				E45574E726B6CFF30028E53F /* FMDatabasePool.h */,
				E45574EA26B6CFF50028E53F /* FMDatabaseQueue.m */,
				E45574EB26B6CFF50028E53F /* FMDatabaseAdditions.h */,
				E45574E426B6CFF30028E53F /* FMDatabaseAdditions.m */,
				E45574E526B6CFF30028E53F /* FMDatabasePool.m */,
				E45574E626B6CFF30028E53F /* FMDatabaseQueue.h */,
				E45574E926B6CFF50028E53F /* FMDB.h */,
				E45574E326B6CFF20028E53F /* FMResultSet.h */,
				E45574E826B6CFF40028E53F /* FMResultSet.m */,
				87A977282690C4A300FDA013 /* AppDelegate.swift */,
				8EC47A2026C14A4600F3C232 /* PupilPostingsPopupViewController.swift */,
				8E14511A26A9A12300F3F249 /* WhatNextLaunchScreen.storyboard */,
				87A9772A2690C4A300FDA013 /* SceneDelegate.swift */,
				87A9772C2690C4A300FDA013 /* ViewController.swift */,
				8E46591326B80A9000EAA2AA /* ActivityReflectionPopupViewController.swift */,
				87A9772E2690C4A300FDA013 /* Main.storyboard */,
				E45574F326B74AB40028E53F /* TuesdayTestViewController.swift */,
				E45574F526B74B0C0028E53F /* WednesdayTestViewController.swift */,
				E45574F726B74B280028E53F /* ThursdayTestViewController.swift */,
				E45574F926B74B420028E53F /* FridayTestViewController.swift */,
				8ECA651426AF165600D10F89 /* NotificatonPopupViewController.swift */,
				8E8EF8F326ACB3F600B46EB3 /* TeacherNotificationViewController.swift */,
				8E8EF8EF26AC774000B46EB3 /* TeacherViewController.swift */,
				878D30712695B29A00DADD4B /* TeacherLoginViewController.swift */,
				8ED4126B26AB60E6007EF869 /* PupilSettingsViewController.swift */,
				8E17E6BD26B1785F00A9CBEE /* TeacherSettingsViewController.swift */,
				87663D8026A57CE300DF111B /* UserProfileViewController.swift */,
				878D0F8626A1F3E200EC4EA3 /* MoodViewController.swift */,
				87B42B2926A055530021C852 /* MoodPopupViewController.swift */,
				874D2C13269597180087E87C /* LiteracyViewController.swift */,
				879330AD269247220029992F /* PupilLoginViewController.swift */,
				87BE14AA26971557006FC0C2 /* MainPageViewController.swift */,
				8EF3EBA626B68FB5007FD14A /* ABCActivityViewController.swift */,
				8EF3EB9526B68FB4007FD14A /* ActivitySelectionViewController.swift */,
				8EF3EB9626B68FB4007FD14A /* BackwordsWordsActivityViewController.swift */,
				8EF3EBA526B68FB5007FD14A /* CanvasView.swift */,
				8EF3EB9726B68FB4007FD14A /* ColouredVowelsActivityViewController.swift */,
				8EF3EB9E26B68FB4007FD14A /* FridayExplainationViewController.swift */,
				8EF3EB9926B68FB4007FD14A /* FridayLessonViewController.swift */,
				8EF3EBA226B68FB5007FD14A /* JoinTheDotsActivityViewController.swift */,
				8EF3EB9F26B68FB5007FD14A /* MondayExplainationViewController.swift */,
				8EF3EB9826B68FB4007FD14A /* MondayLessonViewController.swift */,
				8EF3EBA726B68FB5007FD14A /* MondayTestViewController.swift */,
				8EF3EB9A26B68FB4007FD14A /* RainbowWritingActivityViewController.swift */,
				8EF3EBA426B68FB5007FD14A /* SentenceCreatorActivityViewController.swift */,
				8EF3EBA826B68FB5007FD14A /* SpeedWritingActivityViewController.swift */,
				8EF3EB9D26B68FB4007FD14A /* SpellingWordsViewController.swift */,
				8EF3EB9B26B68FB4007FD14A /* ThursdayExplainationViewController.swift */,
				8EF3EBA926B68FB5007FD14A /* ThursdayLessonViewController.swift */,
				8EF3EBA026B68FB5007FD14A /* TuesdayExplainationViewController.swift */,
				8EF3EBA326B68FB5007FD14A /* TuesdayLessonViewController.swift */,
				8EF3EBA126B68FB5007FD14A /* WednesdayExplainationViewController.swift */,
				8EF3EB9C26B68FB4007FD14A /* WednesdayLessonViewController.swift */,
				87A977312690C4AF00FDA013 /* Assets.xcassets */,
				87A977332690C4AF00FDA013 /* LaunchScreen.storyboard */,
				87A977362690C4AF00FDA013 /* Info.plist */,
				87A977612691C81100FDA013 /* What Next-Bridging-Header.h */,
			);
			path = "What Next";
			sourceTree = "<group>";
		};
		87A9773E2690C4AF00FDA013 /* What NextTests */ = {
			isa = PBXGroup;
			children = (
				87A9773F2690C4AF00FDA013 /* What_NextTests.swift */,
				8EC47A6426C4166D00F3C232 /* test_TeacherSettingsViewController.swift */,
				8EC47A6626C426D300F3C232 /* test_PupilSettingsViewController.swift */,
				8EC47A6A26C532F700F3C232 /* test_TeacherViewController.swift */,
				8EC47A7026C5723D00F3C232 /* test_TeacherNotificationViewController.swift */,
				8E064D2526C7C3820083BD46 /* test_NotificationPopupViewController.swift */,
				8EC47A6826C43B0300F3C232 /* test_TeacherLoginViewController.swift */,
				87A977412690C4AF00FDA013 /* Info.plist */,
			);
			path = "What NextTests";
			sourceTree = "<group>";
		};
		87A977492690C4AF00FDA013 /* What NextUITests */ = {
			isa = PBXGroup;
			children = (
				8E064D6526C8448C0083BD46 /* What_NextUITests_ViewController.swift */,
				8E064D6726C856540083BD46 /* What_NextUITests_PupilLoginViewController.swift */,
				8E634D1526CC316C002E7569 /* What_NextUITests_MoodPopupViewController.swift */,
				8E634D1726CC47E2002E7569 /* What_NextUITests_UnreadNotificationsPopupViewController.swift */,
				8E47EEFA26CD3E6E00AAA87F /* What_NextUITests_LiteracyViewController.swift */,
				8E47EEFC26CD610400AAA87F /* What_NextUITests_MondayLessonViewController.swift */,
				8E47EF0626CDA44900AAA87F /* What_NextUITests_AcitivitySelectionViewController.swift */,
				8E47EEFE26CD636B00AAA87F /* What_NextUITests_TuesdayLessonViewController.swift */,
				8E47EF0026CD638E00AAA87F /* What_NextUITests_WednesdayLessonViewController.swift */,
				8E47EF0226CD63A800AAA87F /* What_NextUITests_ThursdayLessonViewController.swift */,
				8E47EF0426CD63C000AAA87F /* What_NextUITests_FridayLessonViewController.swift */,
				87A9774C2690C4AF00FDA013 /* Info.plist */,
			);
			path = "What NextUITests";
			sourceTree = "<group>";
		};
		87A9775B2691C35D00FDA013 /* Frameworks */ = {
			isa = PBXGroup;
			children = (
				87A9775C2691C35D00FDA013 /* libsqlite3.tbd */,
			);
			name = Frameworks;
			sourceTree = "<group>";
		};
/* End PBXGroup section */

/* Begin PBXNativeTarget section */
		87A977242690C4A300FDA013 /* What Next */ = {
			isa = PBXNativeTarget;
			buildConfigurationList = 87A9774F2690C4AF00FDA013 /* Build configuration list for PBXNativeTarget "What Next" */;
			buildPhases = (
				87A977212690C4A300FDA013 /* Sources */,
				87A977222690C4A300FDA013 /* Frameworks */,
				87A977232690C4A300FDA013 /* Resources */,
			);
			buildRules = (
			);
			dependencies = (
			);
			name = "What Next";
			productName = "What Next";
			productReference = 87A977252690C4A300FDA013 /* What Next.app */;
			productType = "com.apple.product-type.application";
		};
		87A9773A2690C4AF00FDA013 /* What NextTests */ = {
			isa = PBXNativeTarget;
			buildConfigurationList = 87A977522690C4AF00FDA013 /* Build configuration list for PBXNativeTarget "What NextTests" */;
			buildPhases = (
				87A977372690C4AF00FDA013 /* Sources */,
				87A977382690C4AF00FDA013 /* Frameworks */,
				87A977392690C4AF00FDA013 /* Resources */,
			);
			buildRules = (
			);
			dependencies = (
				87A9773D2690C4AF00FDA013 /* PBXTargetDependency */,
			);
			name = "What NextTests";
			productName = "What NextTests";
			productReference = 87A9773B2690C4AF00FDA013 /* What NextTests.xctest */;
			productType = "com.apple.product-type.bundle.unit-test";
		};
		87A977452690C4AF00FDA013 /* What NextUITests */ = {
			isa = PBXNativeTarget;
			buildConfigurationList = 87A977552690C4AF00FDA013 /* Build configuration list for PBXNativeTarget "What NextUITests" */;
			buildPhases = (
				87A977422690C4AF00FDA013 /* Sources */,
				87A977432690C4AF00FDA013 /* Frameworks */,
				87A977442690C4AF00FDA013 /* Resources */,
			);
			buildRules = (
			);
			dependencies = (
				87A977482690C4AF00FDA013 /* PBXTargetDependency */,
			);
			name = "What NextUITests";
			productName = "What NextUITests";
			productReference = 87A977462690C4AF00FDA013 /* What NextUITests.xctest */;
			productType = "com.apple.product-type.bundle.ui-testing";
		};
/* End PBXNativeTarget section */

/* Begin PBXProject section */
		87A9771D2690C4A200FDA013 /* Project object */ = {
			isa = PBXProject;
			attributes = {
				LastSwiftUpdateCheck = 1240;
				LastUpgradeCheck = 1240;
				TargetAttributes = {
					87A977242690C4A300FDA013 = {
						CreatedOnToolsVersion = 12.4;
						LastSwiftMigration = 1240;
					};
					87A9773A2690C4AF00FDA013 = {
						CreatedOnToolsVersion = 12.4;
						TestTargetID = 87A977242690C4A300FDA013;
					};
					87A977452690C4AF00FDA013 = {
						CreatedOnToolsVersion = 12.4;
						TestTargetID = 87A977242690C4A300FDA013;
					};
				};
			};
			buildConfigurationList = 87A977202690C4A200FDA013 /* Build configuration list for PBXProject "What Next" */;
			compatibilityVersion = "Xcode 9.3";
			developmentRegion = en;
			hasScannedForEncodings = 0;
			knownRegions = (
				en,
				Base,
			);
			mainGroup = 87A9771C2690C4A200FDA013;
			productRefGroup = 87A977262690C4A300FDA013 /* Products */;
			projectDirPath = "";
			projectRoot = "";
			targets = (
				87A977242690C4A300FDA013 /* What Next */,
				87A9773A2690C4AF00FDA013 /* What NextTests */,
				87A977452690C4AF00FDA013 /* What NextUITests */,
			);
		};
/* End PBXProject section */

/* Begin PBXResourcesBuildPhase section */
		87A977232690C4A300FDA013 /* Resources */ = {
			isa = PBXResourcesBuildPhase;
			buildActionMask = 2147483647;
			files = (
				8E14511B26A9A12300F3F249 /* WhatNextLaunchScreen.storyboard in Resources */,
				87A977352690C4AF00FDA013 /* LaunchScreen.storyboard in Resources */,
				87A977322690C4AF00FDA013 /* Assets.xcassets in Resources */,
				87A977302690C4A300FDA013 /* Main.storyboard in Resources */,
			);
			runOnlyForDeploymentPostprocessing = 0;
		};
		87A977392690C4AF00FDA013 /* Resources */ = {
			isa = PBXResourcesBuildPhase;
			buildActionMask = 2147483647;
			files = (
			);
			runOnlyForDeploymentPostprocessing = 0;
		};
		87A977442690C4AF00FDA013 /* Resources */ = {
			isa = PBXResourcesBuildPhase;
			buildActionMask = 2147483647;
			files = (
			);
			runOnlyForDeploymentPostprocessing = 0;
		};
/* End PBXResourcesBuildPhase section */

/* Begin PBXSourcesBuildPhase section */
		87A977212690C4A300FDA013 /* Sources */ = {
			isa = PBXSourcesBuildPhase;
			buildActionMask = 2147483647;
			files = (
				87663D8126A57CE300DF111B /* UserProfileViewController.swift in Sources */,
				878D30722695B29A00DADD4B /* TeacherLoginViewController.swift in Sources */,
				8E46591426B80A9000EAA2AA /* ActivityReflectionPopupViewController.swift in Sources */,
				8EF3EBB226B68FB5007FD14A /* SpellingWordsViewController.swift in Sources */,
				E45574EE26B6CFF60028E53F /* FMDatabaseAdditions.m in Sources */,
				8EF3EBB826B68FB5007FD14A /* TuesdayLessonViewController.swift in Sources */,
				8EF3EBAE26B68FB5007FD14A /* FridayLessonViewController.swift in Sources */,
				E45574F626B74B0C0028E53F /* WednesdayTestViewController.swift in Sources */,
				E45574EF26B6CFF60028E53F /* FMDatabasePool.m in Sources */,
				8EF3EBAB26B68FB5007FD14A /* BackwordsWordsActivityViewController.swift in Sources */,
				8EF3EBBA26B68FB5007FD14A /* CanvasView.swift in Sources */,
				878D0F8726A1F3E200EC4EA3 /* MoodViewController.swift in Sources */,
				8E8EF8F026AC774000B46EB3 /* TeacherViewController.swift in Sources */,
				8E17E6BE26B1785F00A9CBEE /* TeacherSettingsViewController.swift in Sources */,
				8EF3EBAC26B68FB5007FD14A /* ColouredVowelsActivityViewController.swift in Sources */,
				8EF3EBB426B68FB5007FD14A /* MondayExplainationViewController.swift in Sources */,
				8EF3EBB526B68FB5007FD14A /* TuesdayExplainationViewController.swift in Sources */,
				8EF3EBB626B68FB5007FD14A /* WednesdayExplainationViewController.swift in Sources */,
				8EF3EBB326B68FB5007FD14A /* FridayExplainationViewController.swift in Sources */,
				E45574FA26B74B420028E53F /* FridayTestViewController.swift in Sources */,
				879330AE269247220029992F /* PupilLoginViewController.swift in Sources */,
				87BE14AB26971557006FC0C2 /* MainPageViewController.swift in Sources */,
				874D2C14269597180087E87C /* LiteracyViewController.swift in Sources */,
				8EF3EBBB26B68FB5007FD14A /* ABCActivityViewController.swift in Sources */,
				8EF3EBB026B68FB5007FD14A /* ThursdayExplainationViewController.swift in Sources */,
				87A9772D2690C4A300FDA013 /* ViewController.swift in Sources */,
				8EF3EBAF26B68FB5007FD14A /* RainbowWritingActivityViewController.swift in Sources */,
				8EF3EBAA26B68FB5007FD14A /* ActivitySelectionViewController.swift in Sources */,
				87A977292690C4A300FDA013 /* AppDelegate.swift in Sources */,
				8ED4126C26AB60E6007EF869 /* PupilSettingsViewController.swift in Sources */,
				E45574F026B6CFF60028E53F /* FMResultSet.m in Sources */,
				E45574F226B6CFF60028E53F /* FMDatabase.m in Sources */,
				8EC47A2126C14A4600F3C232 /* PupilPostingsPopupViewController.swift in Sources */,
				87B42B2A26A055530021C852 /* MoodPopupViewController.swift in Sources */,
				8E8EF8F426ACB3F600B46EB3 /* TeacherNotificationViewController.swift in Sources */,
				8ECA651526AF165600D10F89 /* NotificatonPopupViewController.swift in Sources */,
				E45574F426B74AB50028E53F /* TuesdayTestViewController.swift in Sources */,
				8EF3EBAD26B68FB5007FD14A /* MondayLessonViewController.swift in Sources */,
				E45574F126B6CFF60028E53F /* FMDatabaseQueue.m in Sources */,
				8EF3EBBE26B68FB5007FD14A /* ThursdayLessonViewController.swift in Sources */,
				8EF3EBBC26B68FB5007FD14A /* MondayTestViewController.swift in Sources */,
				87A9772B2690C4A300FDA013 /* SceneDelegate.swift in Sources */,
				8EF3EBB126B68FB5007FD14A /* WednesdayLessonViewController.swift in Sources */,
				E45574F826B74B280028E53F /* ThursdayTestViewController.swift in Sources */,
				8EF3EBB726B68FB5007FD14A /* JoinTheDotsActivityViewController.swift in Sources */,
				8EF3EBBD26B68FB5007FD14A /* SpeedWritingActivityViewController.swift in Sources */,
				8EF3EBB926B68FB5007FD14A /* SentenceCreatorActivityViewController.swift in Sources */,
			);
			runOnlyForDeploymentPostprocessing = 0;
		};
		87A977372690C4AF00FDA013 /* Sources */ = {
			isa = PBXSourcesBuildPhase;
			buildActionMask = 2147483647;
			files = (
				8E064D2626C7C3820083BD46 /* test_NotificationPopupViewController.swift in Sources */,
				8EC47A6526C4166D00F3C232 /* test_TeacherSettingsViewController.swift in Sources */,
				8EC47A6B26C532F700F3C232 /* test_TeacherViewController.swift in Sources */,
				8EC47A7126C5723D00F3C232 /* test_TeacherNotificationViewController.swift in Sources */,
				8EC47A6726C426D300F3C232 /* test_PupilSettingsViewController.swift in Sources */,
				87A977402690C4AF00FDA013 /* What_NextTests.swift in Sources */,
				8EC47A6926C43B0300F3C232 /* test_TeacherLoginViewController.swift in Sources */,
			);
			runOnlyForDeploymentPostprocessing = 0;
		};
		87A977422690C4AF00FDA013 /* Sources */ = {
			isa = PBXSourcesBuildPhase;
			buildActionMask = 2147483647;
			files = (
				8E47EF0126CD638E00AAA87F /* What_NextUITests_WednesdayLessonViewController.swift in Sources */,
				8E47EEFB26CD3E6E00AAA87F /* What_NextUITests_LiteracyViewController.swift in Sources */,
				8E47EF0326CD63A800AAA87F /* What_NextUITests_ThursdayLessonViewController.swift in Sources */,
				8E47EEFF26CD636B00AAA87F /* What_NextUITests_TuesdayLessonViewController.swift in Sources */,
				8E064D6826C856540083BD46 /* What_NextUITests_PupilLoginViewController.swift in Sources */,
				8E064D6626C8448C0083BD46 /* What_NextUITests_ViewController.swift in Sources */,
				8E47EF0526CD63C000AAA87F /* What_NextUITests_FridayLessonViewController.swift in Sources */,
				8E47EF0726CDA44900AAA87F /* What_NextUITests_AcitivitySelectionViewController.swift in Sources */,
				8E47EEFD26CD610500AAA87F /* What_NextUITests_MondayLessonViewController.swift in Sources */,
				8E634D1826CC47E2002E7569 /* What_NextUITests_UnreadNotificationsPopupViewController.swift in Sources */,
				8E634D1626CC316C002E7569 /* What_NextUITests_MoodPopupViewController.swift in Sources */,
			);
			runOnlyForDeploymentPostprocessing = 0;
		};
/* End PBXSourcesBuildPhase section */

/* Begin PBXTargetDependency section */
		87A9773D2690C4AF00FDA013 /* PBXTargetDependency */ = {
			isa = PBXTargetDependency;
			target = 87A977242690C4A300FDA013 /* What Next */;
			targetProxy = 87A9773C2690C4AF00FDA013 /* PBXContainerItemProxy */;
		};
		87A977482690C4AF00FDA013 /* PBXTargetDependency */ = {
			isa = PBXTargetDependency;
			target = 87A977242690C4A300FDA013 /* What Next */;
			targetProxy = 87A977472690C4AF00FDA013 /* PBXContainerItemProxy */;
		};
/* End PBXTargetDependency section */

/* Begin PBXVariantGroup section */
		87A9772E2690C4A300FDA013 /* Main.storyboard */ = {
			isa = PBXVariantGroup;
			children = (
				87A9772F2690C4A300FDA013 /* Base */,
			);
			name = Main.storyboard;
			sourceTree = "<group>";
		};
		87A977332690C4AF00FDA013 /* LaunchScreen.storyboard */ = {
			isa = PBXVariantGroup;
			children = (
				87A977342690C4AF00FDA013 /* Base */,
			);
			name = LaunchScreen.storyboard;
			sourceTree = "<group>";
		};
/* End PBXVariantGroup section */

/* Begin XCBuildConfiguration section */
		87A9774D2690C4AF00FDA013 /* Debug */ = {
			isa = XCBuildConfiguration;
			buildSettings = {
				ALWAYS_SEARCH_USER_PATHS = NO;
				CLANG_ANALYZER_NONNULL = YES;
				CLANG_ANALYZER_NUMBER_OBJECT_CONVERSION = YES_AGGRESSIVE;
				CLANG_CXX_LANGUAGE_STANDARD = "gnu++14";
				CLANG_CXX_LIBRARY = "libc++";
				CLANG_ENABLE_MODULES = YES;
				CLANG_ENABLE_OBJC_ARC = YES;
				CLANG_ENABLE_OBJC_WEAK = YES;
				CLANG_WARN_BLOCK_CAPTURE_AUTORELEASING = YES;
				CLANG_WARN_BOOL_CONVERSION = YES;
				CLANG_WARN_COMMA = YES;
				CLANG_WARN_CONSTANT_CONVERSION = YES;
				CLANG_WARN_DEPRECATED_OBJC_IMPLEMENTATIONS = YES;
				CLANG_WARN_DIRECT_OBJC_ISA_USAGE = YES_ERROR;
				CLANG_WARN_DOCUMENTATION_COMMENTS = YES;
				CLANG_WARN_EMPTY_BODY = YES;
				CLANG_WARN_ENUM_CONVERSION = YES;
				CLANG_WARN_INFINITE_RECURSION = YES;
				CLANG_WARN_INT_CONVERSION = YES;
				CLANG_WARN_NON_LITERAL_NULL_CONVERSION = YES;
				CLANG_WARN_OBJC_IMPLICIT_RETAIN_SELF = YES;
				CLANG_WARN_OBJC_LITERAL_CONVERSION = YES;
				CLANG_WARN_OBJC_ROOT_CLASS = YES_ERROR;
				CLANG_WARN_QUOTED_INCLUDE_IN_FRAMEWORK_HEADER = YES;
				CLANG_WARN_RANGE_LOOP_ANALYSIS = YES;
				CLANG_WARN_STRICT_PROTOTYPES = YES;
				CLANG_WARN_SUSPICIOUS_MOVE = YES;
				CLANG_WARN_UNGUARDED_AVAILABILITY = YES_AGGRESSIVE;
				CLANG_WARN_UNREACHABLE_CODE = YES;
				CLANG_WARN__DUPLICATE_METHOD_MATCH = YES;
				COPY_PHASE_STRIP = NO;
				DEBUG_INFORMATION_FORMAT = dwarf;
				ENABLE_STRICT_OBJC_MSGSEND = YES;
				ENABLE_TESTABILITY = YES;
				GCC_C_LANGUAGE_STANDARD = gnu11;
				GCC_DYNAMIC_NO_PIC = NO;
				GCC_NO_COMMON_BLOCKS = YES;
				GCC_OPTIMIZATION_LEVEL = 0;
				GCC_PREPROCESSOR_DEFINITIONS = (
					"DEBUG=1",
					"$(inherited)",
				);
				GCC_WARN_64_TO_32_BIT_CONVERSION = YES;
				GCC_WARN_ABOUT_RETURN_TYPE = YES_ERROR;
				GCC_WARN_UNDECLARED_SELECTOR = YES;
				GCC_WARN_UNINITIALIZED_AUTOS = YES_AGGRESSIVE;
				GCC_WARN_UNUSED_FUNCTION = YES;
				GCC_WARN_UNUSED_VARIABLE = YES;
				IPHONEOS_DEPLOYMENT_TARGET = 14.4;
				MTL_ENABLE_DEBUG_INFO = INCLUDE_SOURCE;
				MTL_FAST_MATH = YES;
				ONLY_ACTIVE_ARCH = YES;
				SDKROOT = iphoneos;
				SWIFT_ACTIVE_COMPILATION_CONDITIONS = DEBUG;
				SWIFT_OPTIMIZATION_LEVEL = "-Onone";
			};
			name = Debug;
		};
		87A9774E2690C4AF00FDA013 /* Release */ = {
			isa = XCBuildConfiguration;
			buildSettings = {
				ALWAYS_SEARCH_USER_PATHS = NO;
				CLANG_ANALYZER_NONNULL = YES;
				CLANG_ANALYZER_NUMBER_OBJECT_CONVERSION = YES_AGGRESSIVE;
				CLANG_CXX_LANGUAGE_STANDARD = "gnu++14";
				CLANG_CXX_LIBRARY = "libc++";
				CLANG_ENABLE_MODULES = YES;
				CLANG_ENABLE_OBJC_ARC = YES;
				CLANG_ENABLE_OBJC_WEAK = YES;
				CLANG_WARN_BLOCK_CAPTURE_AUTORELEASING = YES;
				CLANG_WARN_BOOL_CONVERSION = YES;
				CLANG_WARN_COMMA = YES;
				CLANG_WARN_CONSTANT_CONVERSION = YES;
				CLANG_WARN_DEPRECATED_OBJC_IMPLEMENTATIONS = YES;
				CLANG_WARN_DIRECT_OBJC_ISA_USAGE = YES_ERROR;
				CLANG_WARN_DOCUMENTATION_COMMENTS = YES;
				CLANG_WARN_EMPTY_BODY = YES;
				CLANG_WARN_ENUM_CONVERSION = YES;
				CLANG_WARN_INFINITE_RECURSION = YES;
				CLANG_WARN_INT_CONVERSION = YES;
				CLANG_WARN_NON_LITERAL_NULL_CONVERSION = YES;
				CLANG_WARN_OBJC_IMPLICIT_RETAIN_SELF = YES;
				CLANG_WARN_OBJC_LITERAL_CONVERSION = YES;
				CLANG_WARN_OBJC_ROOT_CLASS = YES_ERROR;
				CLANG_WARN_QUOTED_INCLUDE_IN_FRAMEWORK_HEADER = YES;
				CLANG_WARN_RANGE_LOOP_ANALYSIS = YES;
				CLANG_WARN_STRICT_PROTOTYPES = YES;
				CLANG_WARN_SUSPICIOUS_MOVE = YES;
				CLANG_WARN_UNGUARDED_AVAILABILITY = YES_AGGRESSIVE;
				CLANG_WARN_UNREACHABLE_CODE = YES;
				CLANG_WARN__DUPLICATE_METHOD_MATCH = YES;
				COPY_PHASE_STRIP = NO;
				DEBUG_INFORMATION_FORMAT = "dwarf-with-dsym";
				ENABLE_NS_ASSERTIONS = NO;
				ENABLE_STRICT_OBJC_MSGSEND = YES;
				GCC_C_LANGUAGE_STANDARD = gnu11;
				GCC_NO_COMMON_BLOCKS = YES;
				GCC_WARN_64_TO_32_BIT_CONVERSION = YES;
				GCC_WARN_ABOUT_RETURN_TYPE = YES_ERROR;
				GCC_WARN_UNDECLARED_SELECTOR = YES;
				GCC_WARN_UNINITIALIZED_AUTOS = YES_AGGRESSIVE;
				GCC_WARN_UNUSED_FUNCTION = YES;
				GCC_WARN_UNUSED_VARIABLE = YES;
				IPHONEOS_DEPLOYMENT_TARGET = 14.4;
				MTL_ENABLE_DEBUG_INFO = NO;
				MTL_FAST_MATH = YES;
				SDKROOT = iphoneos;
				SWIFT_COMPILATION_MODE = wholemodule;
				SWIFT_OPTIMIZATION_LEVEL = "-O";
				VALIDATE_PRODUCT = YES;
			};
			name = Release;
		};
		87A977502690C4AF00FDA013 /* Debug */ = {
			isa = XCBuildConfiguration;
			buildSettings = {
				ASSETCATALOG_COMPILER_APPICON_NAME = AppIcon;
				ASSETCATALOG_COMPILER_GLOBAL_ACCENT_COLOR_NAME = AccentColor;
				CLANG_ENABLE_MODULES = YES;
				CODE_SIGN_STYLE = Automatic;
				DEVELOPMENT_TEAM = WFR348U75T;
				INFOPLIST_FILE = "What Next/Info.plist";
				LD_RUNPATH_SEARCH_PATHS = (
					"$(inherited)",
					"@executable_path/Frameworks",
				);
				PRODUCT_BUNDLE_IDENTIFIER = "Chris.What-Next";
				PRODUCT_NAME = "$(TARGET_NAME)";
				SWIFT_OBJC_BRIDGING_HEADER = "What Next/What Next-Bridging-Header.h";
				SWIFT_OPTIMIZATION_LEVEL = "-Onone";
				SWIFT_VERSION = 5.0;
				TARGETED_DEVICE_FAMILY = "1,2";
			};
			name = Debug;
		};
		87A977512690C4AF00FDA013 /* Release */ = {
			isa = XCBuildConfiguration;
			buildSettings = {
				ASSETCATALOG_COMPILER_APPICON_NAME = AppIcon;
				ASSETCATALOG_COMPILER_GLOBAL_ACCENT_COLOR_NAME = AccentColor;
				CLANG_ENABLE_MODULES = YES;
				CODE_SIGN_STYLE = Automatic;
				DEVELOPMENT_TEAM = WFR348U75T;
				INFOPLIST_FILE = "What Next/Info.plist";
				LD_RUNPATH_SEARCH_PATHS = (
					"$(inherited)",
					"@executable_path/Frameworks",
				);
				PRODUCT_BUNDLE_IDENTIFIER = "Chris.What-Next";
				PRODUCT_NAME = "$(TARGET_NAME)";
				SWIFT_OBJC_BRIDGING_HEADER = "What Next/What Next-Bridging-Header.h";
				SWIFT_VERSION = 5.0;
				TARGETED_DEVICE_FAMILY = "1,2";
			};
			name = Release;
		};
		87A977532690C4AF00FDA013 /* Debug */ = {
			isa = XCBuildConfiguration;
			buildSettings = {
				ALWAYS_EMBED_SWIFT_STANDARD_LIBRARIES = YES;
				BUNDLE_LOADER = "$(TEST_HOST)";
				CODE_SIGN_STYLE = Automatic;
				INFOPLIST_FILE = "What NextTests/Info.plist";
				IPHONEOS_DEPLOYMENT_TARGET = 14.4;
				LD_RUNPATH_SEARCH_PATHS = (
					"$(inherited)",
					"@executable_path/Frameworks",
					"@loader_path/Frameworks",
				);
				PRODUCT_BUNDLE_IDENTIFIER = "Chris.What-NextTests";
				PRODUCT_NAME = "$(TARGET_NAME)";
				SWIFT_VERSION = 5.0;
				TARGETED_DEVICE_FAMILY = "1,2";
				TEST_HOST = "$(BUILT_PRODUCTS_DIR)/What Next.app/What Next";
			};
			name = Debug;
		};
		87A977542690C4AF00FDA013 /* Release */ = {
			isa = XCBuildConfiguration;
			buildSettings = {
				ALWAYS_EMBED_SWIFT_STANDARD_LIBRARIES = YES;
				BUNDLE_LOADER = "$(TEST_HOST)";
				CODE_SIGN_STYLE = Automatic;
				INFOPLIST_FILE = "What NextTests/Info.plist";
				IPHONEOS_DEPLOYMENT_TARGET = 14.4;
				LD_RUNPATH_SEARCH_PATHS = (
					"$(inherited)",
					"@executable_path/Frameworks",
					"@loader_path/Frameworks",
				);
				PRODUCT_BUNDLE_IDENTIFIER = "Chris.What-NextTests";
				PRODUCT_NAME = "$(TARGET_NAME)";
				SWIFT_VERSION = 5.0;
				TARGETED_DEVICE_FAMILY = "1,2";
				TEST_HOST = "$(BUILT_PRODUCTS_DIR)/What Next.app/What Next";
			};
			name = Release;
		};
		87A977562690C4AF00FDA013 /* Debug */ = {
			isa = XCBuildConfiguration;
			buildSettings = {
				ALWAYS_EMBED_SWIFT_STANDARD_LIBRARIES = YES;
				CODE_SIGN_STYLE = Automatic;
				INFOPLIST_FILE = "What NextUITests/Info.plist";
				LD_RUNPATH_SEARCH_PATHS = (
					"$(inherited)",
					"@executable_path/Frameworks",
					"@loader_path/Frameworks",
				);
				PRODUCT_BUNDLE_IDENTIFIER = "Chris.What-NextUITests";
				PRODUCT_NAME = "$(TARGET_NAME)";
				SWIFT_VERSION = 5.0;
				TARGETED_DEVICE_FAMILY = "1,2";
				TEST_TARGET_NAME = "What Next";
			};
			name = Debug;
		};
		87A977572690C4AF00FDA013 /* Release */ = {
			isa = XCBuildConfiguration;
			buildSettings = {
				ALWAYS_EMBED_SWIFT_STANDARD_LIBRARIES = YES;
				CODE_SIGN_STYLE = Automatic;
				INFOPLIST_FILE = "What NextUITests/Info.plist";
				LD_RUNPATH_SEARCH_PATHS = (
					"$(inherited)",
					"@executable_path/Frameworks",
					"@loader_path/Frameworks",
				);
				PRODUCT_BUNDLE_IDENTIFIER = "Chris.What-NextUITests";
				PRODUCT_NAME = "$(TARGET_NAME)";
				SWIFT_VERSION = 5.0;
				TARGETED_DEVICE_FAMILY = "1,2";
				TEST_TARGET_NAME = "What Next";
			};
			name = Release;
		};
/* End XCBuildConfiguration section */

/* Begin XCConfigurationList section */
		87A977202690C4A200FDA013 /* Build configuration list for PBXProject "What Next" */ = {
			isa = XCConfigurationList;
			buildConfigurations = (
				87A9774D2690C4AF00FDA013 /* Debug */,
				87A9774E2690C4AF00FDA013 /* Release */,
			);
			defaultConfigurationIsVisible = 0;
			defaultConfigurationName = Release;
		};
		87A9774F2690C4AF00FDA013 /* Build configuration list for PBXNativeTarget "What Next" */ = {
			isa = XCConfigurationList;
			buildConfigurations = (
				87A977502690C4AF00FDA013 /* Debug */,
				87A977512690C4AF00FDA013 /* Release */,
			);
			defaultConfigurationIsVisible = 0;
			defaultConfigurationName = Release;
		};
		87A977522690C4AF00FDA013 /* Build configuration list for PBXNativeTarget "What NextTests" */ = {
			isa = XCConfigurationList;
			buildConfigurations = (
				87A977532690C4AF00FDA013 /* Debug */,
				87A977542690C4AF00FDA013 /* Release */,
			);
			defaultConfigurationIsVisible = 0;
			defaultConfigurationName = Release;
		};
		87A977552690C4AF00FDA013 /* Build configuration list for PBXNativeTarget "What NextUITests" */ = {
			isa = XCConfigurationList;
			buildConfigurations = (
				87A977562690C4AF00FDA013 /* Debug */,
				87A977572690C4AF00FDA013 /* Release */,
			);
			defaultConfigurationIsVisible = 0;
			defaultConfigurationName = Release;
		};
/* End XCConfigurationList section */
	};
	rootObject = 87A9771D2690C4A200FDA013 /* Project object */;
}
